
Microsoft Visual Studio Solution File, Format Version 12.00
# Visual Studio Version 16
VisualStudioVersion = 16.0.31624.102
MinimumVisualStudioVersion = 10.0.40219.1
Project("{FAE04EC0-301F-11D3-BF4B-00C04F79EFBC}") = "Synkronisering øvelse", "Synkronisering øvelse\Synkronisering øvelse.csproj", "{D366E0DF-920D-47B0-8475-4665811442C1}"
EndProject
Global
	GlobalSection(SolutionConfigurationPlatforms) = preSolution
		Debug|Any CPU = Debug|Any CPU
		Release|Any CPU = Release|Any CPU
	EndGlobalSection
	GlobalSection(ProjectConfigurationPlatforms) = postSolution
		{D366E0DF-920D-47B0-8475-4665811442C1}.Debug|Any CPU.ActiveCfg = Debug|Any CPU
		{D366E0DF-920D-47B0-8475-4665811442C1}.Debug|Any CPU.Build.0 = Debug|Any CPU
		{D366E0DF-920D-47B0-8475-4665811442C1}.Release|Any CPU.ActiveCfg = Release|Any CPU
		{D366E0DF-920D-47B0-8475-4665811442C1}.Release|Any CPU.Build.0 = Release|Any CPU
	EndGlobalSection
	GlobalSection(SolutionProperties) = preSolution
		HideSolutionNode = FALSE
	EndGlobalSection
	GlobalSection(ExtensibilityGlobals) = postSolution
		SolutionGuid = {A9161E31-F006-40CE-AF52-23C0DCEB4271}
	EndGlobalSection
EndGlobal
